{
    "_meta": {
        "hash": {
            "sha256": "72d651d4e5d1a5238710014f6b2b9e7aecdbef07b84ce75e9039e6c2adcaaf60"
        },
        "pipfile-spec": 6,
        "requires": {
            "python_version": "3.10"
        },
        "sources": [
            {
                "name": "pypi",
                "url": "https://pypi.org/simple",
                "verify_ssl": true
            }
        ]
    },
    "default": {
        "blinker": {
            "hashes": [
                "sha256:b4ce2265a7abece45e7cc896e98dbebe6cead56bcf805a3d23136d145f5445bf",
                "sha256:ba0efaa9080b619ff2f3459d1d500c57bddea4a6b424b60a91141db6fd2f08bc"
            ],
            "index": "pypi",
            "markers": "python_version >= '3.9'",
            "version": "==1.9.0"
        },
        "click": {
            "hashes": [
                "sha256:27c491cc05d968d271d5a1db13e3b5a184636d9d930f148c50b038f0d0646202",
                "sha256:61a3265b914e850b85317d0b3109c7f8cd35a670f963866005d6ef1d5175a12b"
            ],
            "index": "pypi",
            "markers": "python_version >= '3.10'",
            "version": "==8.2.1"
        },
        "flask": {
            "hashes": [
                "sha256:07aae2bb5eaf77993ef57e357491839f5fd9f4dc281593a81a9e4d79a24f295c",
                "sha256:284c7b8f2f58cb737f0cf1c30fd7eaf0ccfcde196099d24ecede3fc2005aa59e"
            ],
            "index": "pypi",
            "markers": "python_version >= '3.9'",
            "version": "==3.1.1"
        },
        "flask-sqlalchemy": {
            "hashes": [
                "sha256:4ba4be7f419dc72f4efd8802d69974803c37259dd42f3913b0dcf75c9447e0a0",
                "sha256:e4b68bb881802dda1a7d878b2fc84c06d1ee57fb40b874d3dc97dabfa36b8312"
            ],
            "index": "pypi",
            "markers": "python_version >= '3.8'",
            "version": "==3.1.1"
        },
        "greenlet": {
            "hashes": [
                "sha256:00fadb3fedccc447f517ee0d3fd8fe49eae949e1cd0f6a611818f4f6fb7dc83b",
                "sha256:061dc4cf2c34852b052a8620d40f36324554bc192be474b9e9770e8c042fd735",
                "sha256:0db5594dce18db94f7d1650d7489909b57afde4c580806b8d9203b6e79cdc079",
                "sha256:0dca0d95ff849f9a364385f36ab49f50065d76964944638be9691e1832e9f86d",
                "sha256:16458c245a38991aa19676900d48bd1a6f2ce3e16595051a4db9d012154e8433",
                "sha256:18d9260df2b5fbf41ae5139e1be4e796d99655f023a636cd0e11e6406cca7d58",
                "sha256:1987de92fec508535687fb807a5cea1560f6196285a4cde35c100b8cd632cc52",
                "sha256:1a921e542453fe531144e91e1feedf12e07351b1cf6c9e8a3325ea600a715a31",
                "sha256:1ee8fae0519a337f2329cb78bd7a8e128ec0f881073d43f023c7b8d4831d5246",
                "sha256:20fb936b4652b6e307b8f347665e2c615540d4b42b3b4c8a321d8286da7e520f",
                "sha256:23768528f2911bcd7e475210822ffb5254ed10d71f4028387e5a99b4c6699671",
                "sha256:2523e5246274f54fdadbce8494458a2ebdcdbc7b802318466ac5606d3cded1f8",
                "sha256:27890167f55d2387576d1f41d9487ef171849ea0359ce1510ca6e06c8bece11d",
                "sha256:299fd615cd8fc86267b47597123e3f43ad79c9d8a22bebdce535e53550763e2f",
                "sha256:3b3812d8d0c9579967815af437d96623f45c0f2ae5f04e366de62a12d83a8fb0",
                "sha256:3b67ca49f54cede0186854a008109d6ee71f66bd57bb36abd6d0a0267b540cdd",
                "sha256:44358b9bf66c8576a9f57a590d5f5d6e72fa4228b763d0e43fee6d3b06d3a337",
                "sha256:49a30d5fda2507ae77be16479bdb62a660fa51b1eb4928b524975b3bde77b3c0",
                "sha256:4d1378601b85e2e5171b99be8d2dc85f594c79967599328f95c1dc1a40f1c633",
                "sha256:554b03b6e73aaabec3745364d6239e9e012d64c68ccd0b8430c64ccc14939a8b",
                "sha256:55e9c5affaa6775e2c6b67659f3a71684de4c549b3dd9afca3bc773533d284fa",
                "sha256:58b97143c9cc7b86fc458f215bd0932f1757ce649e05b640fea2e79b54cedb31",
                "sha256:5c9320971821a7cb77cfab8d956fa8e39cd07ca44b6070db358ceb7f8797c8c9",
                "sha256:65458b409c1ed459ea899e939f0e1cdb14f58dbc803f2f93c5eab5694d32671b",
                "sha256:671df96c1f23c4a0d4077a325483c1503c96a1b7d9db26592ae770daa41233d4",
                "sha256:710638eb93b1fa52823aa91bf75326f9ecdfd5e0466f00789246a5280f4ba0fc",
                "sha256:73f49b5368b5359d04e18d15828eecc1806033db5233397748f4ca813ff1056c",
                "sha256:81701fd84f26330f0d5f4944d4e92e61afe6319dcd9775e39396e39d7c3e5f98",
                "sha256:8854167e06950ca75b898b104b63cc646573aa5fef1353d4508ecdd1ee76254f",
                "sha256:8c68325b0d0acf8d91dde4e6f930967dd52a5302cd4062932a6b2e7c2969f47c",
                "sha256:94385f101946790ae13da500603491f04a76b6e4c059dab271b3ce2e283b2590",
                "sha256:94abf90142c2a18151632371140b3dba4dee031633fe614cb592dbb6c9e17bc3",
                "sha256:96378df1de302bc38e99c3a9aa311967b7dc80ced1dcc6f171e99842987882a2",
                "sha256:9c40adce87eaa9ddb593ccb0fa6a07caf34015a29bf8d344811665b573138db9",
                "sha256:9fe0a28a7b952a21e2c062cd5756d34354117796c6d9215a87f55e38d15402c5",
                "sha256:a7d4e128405eea3814a12cc2605e0e6aedb4035bf32697f72deca74de4105e02",
                "sha256:abbf57b5a870d30c4675928c37278493044d7c14378350b3aa5d484fa65575f0",
                "sha256:b4a1870c51720687af7fa3e7cda6d08d801dae660f75a76f3845b642b4da6ee1",
                "sha256:b6a7c19cf0d2742d0809a4c05975db036fdff50cd294a93632d6a310bf9ac02c",
                "sha256:b90654e092f928f110e0007f572007c9727b5265f7632c2fa7415b4689351594",
                "sha256:c17b6b34111ea72fc5a4e4beec9711d2226285f0386ea83477cbb97c30a3f3a5",
                "sha256:c2ca18a03a8cfb5b25bc1cbe20f3d9a4c80d8c3b13ba3df49ac3961af0b1018d",
                "sha256:c5111ccdc9c88f423426df3fd1811bfc40ed66264d35aa373420a34377efc98a",
                "sha256:c60a6d84229b271d44b70fb6e5fa23781abb5d742af7b808ae3f6efd7c9c60f6",
                "sha256:c8c9e331e58180d0d83c5b7999255721b725913ff6bc6cf39fa2a45841a4fd4b",
                "sha256:c9913f1a30e4526f432991f89ae263459b1c64d1608c0d22a5c79c287b3c70df",
                "sha256:cd3c8e693bff0fff6ba55f140bf390fa92c994083f838fece0f63be121334945",
                "sha256:d25c5091190f2dc0eaa3f950252122edbbadbb682aa7b1ef2f8af0f8c0afefae",
                "sha256:d2e685ade4dafd447ede19c31277a224a239a0a1a4eca4e6390efedf20260cfb",
                "sha256:d76383238584e9711e20ebe14db6c88ddcedc1829a9ad31a584389463b5aa504",
                "sha256:ddf9164e7a5b08e9d22511526865780a576f19ddd00d62f8a665949327fde8bb",
                "sha256:e37ab26028f12dbb0ff65f29a8d3d44a765c61e729647bf2ddfbbed621726f01",
                "sha256:f10fd42b5ee276335863712fa3da6608e93f70629c631bf77145021600abc23c",
                "sha256:f28588772bb5fb869a8eb331374ec06f24a83a9c25bfa1f38b6993afe9c1e968"
            ],
            "index": "pypi",
            "markers": "python_version >= '3.9'",
            "version": "==3.2.4"
        },
        "itsdangerous": {
            "hashes": [
                "sha256:c6242fc49e35958c8b15141343aa660db5fc54d4f13a1db01a3f5891b98700ef",
                "sha256:e0050c0b7da1eea53ffaf149c0cfbb5c6e2e2b69c4bef22c81fa6eb73e5f6173"
            ],
            "index": "pypi",
            "markers": "python_version >= '3.8'",
            "version": "==2.2.0"
        },
        "jinja2": {
            "hashes": [
                "sha256:0137fb05990d35f1275a587e9aee6d56da821fc83491a0fb838183be43f66d6d",
                "sha256:85ece4451f492d0c13c5dd7c13a64681a86afae63a5f347908daf103ce6d2f67"
            ],
            "index": "pypi",
            "markers": "python_version >= '3.7'",
            "version": "==3.1.6"
        },
        "markupsafe": {
            "hashes": [
                "sha256:0bff5e0ae4ef2e1ae4fdf2dfd5b76c75e5c2fa4132d05fc1b0dabcd20c7e28c4",
                "sha256:0f4ca02bea9a23221c0182836703cbf8930c5e9454bacce27e767509fa286a30",
                "sha256:1225beacc926f536dc82e45f8a4d68502949dc67eea90eab715dea3a21c1b5f0",
                "sha256:131a3c7689c85f5ad20f9f6fb1b866f402c445b220c19fe4308c0b147ccd2ad9",
                "sha256:15ab75ef81add55874e7ab7055e9c397312385bd9ced94920f2802310c930396",
                "sha256:1a9d3f5f0901fdec14d8d2f66ef7d035f2157240a433441719ac9a3fba440b13",
                "sha256:1c99d261bd2d5f6b59325c92c73df481e05e57f19837bdca8413b9eac4bd8028",
                "sha256:1e084f686b92e5b83186b07e8a17fc09e38fff551f3602b249881fec658d3eca",
                "sha256:2181e67807fc2fa785d0592dc2d6206c019b9502410671cc905d132a92866557",
                "sha256:2cb8438c3cbb25e220c2ab33bb226559e7afb3baec11c4f218ffa7308603c832",
                "sha256:3169b1eefae027567d1ce6ee7cae382c57fe26e82775f460f0b2778beaad66c0",
                "sha256:3809ede931876f5b2ec92eef964286840ed3540dadf803dd570c3b7e13141a3b",
                "sha256:38a9ef736c01fccdd6600705b09dc574584b89bea478200c5fbf112a6b0d5579",
                "sha256:3d79d162e7be8f996986c064d1c7c817f6df3a77fe3d6859f6f9e7be4b8c213a",
                "sha256:444dcda765c8a838eaae23112db52f1efaf750daddb2d9ca300bcae1039adc5c",
                "sha256:48032821bbdf20f5799ff537c7ac3d1fba0ba032cfc06194faffa8cda8b560ff",
                "sha256:4aa4e5faecf353ed117801a068ebab7b7e09ffb6e1d5e412dc852e0da018126c",
                "sha256:52305740fe773d09cffb16f8ed0427942901f00adedac82ec8b67752f58a1b22",
                "sha256:569511d3b58c8791ab4c2e1285575265991e6d8f8700c7be0e88f86cb0672094",
                "sha256:57cb5a3cf367aeb1d316576250f65edec5bb3be939e9247ae594b4bcbc317dfb",
                "sha256:5b02fb34468b6aaa40dfc198d813a641e3a63b98c2b05a16b9f80b7ec314185e",
                "sha256:6381026f158fdb7c72a168278597a5e3a5222e83ea18f543112b2662a9b699c5",
                "sha256:6af100e168aa82a50e186c82875a5893c5597a0c1ccdb0d8b40240b1f28b969a",
                "sha256:6c89876f41da747c8d3677a2b540fb32ef5715f97b66eeb0c6b66f5e3ef6f59d",
                "sha256:6e296a513ca3d94054c2c881cc913116e90fd030ad1c656b3869762b754f5f8a",
                "sha256:70a87b411535ccad5ef2f1df5136506a10775d267e197e4cf531ced10537bd6b",
                "sha256:7e94c425039cde14257288fd61dcfb01963e658efbc0ff54f5306b06054700f8",
                "sha256:846ade7b71e3536c4e56b386c2a47adf5741d2d8b94ec9dc3e92e5e1ee1e2225",
                "sha256:88416bd1e65dcea10bc7569faacb2c20ce071dd1f87539ca2ab364bf6231393c",
                "sha256:88b49a3b9ff31e19998750c38e030fc7bb937398b1f78cfa599aaef92d693144",
                "sha256:8c4e8c3ce11e1f92f6536ff07154f9d49677ebaaafc32db9db4620bc11ed480f",
                "sha256:8e06879fc22a25ca47312fbe7c8264eb0b662f6db27cb2d3bbbc74b1df4b9b87",
                "sha256:9025b4018f3a1314059769c7bf15441064b2207cb3f065e6ea1e7359cb46db9d",
                "sha256:93335ca3812df2f366e80509ae119189886b0f3c2b81325d39efdb84a1e2ae93",
                "sha256:9778bd8ab0a994ebf6f84c2b949e65736d5575320a17ae8984a77fab08db94cf",
                "sha256:9e2d922824181480953426608b81967de705c3cef4d1af983af849d7bd619158",
                "sha256:a123e330ef0853c6e822384873bef7507557d8e4a082961e1defa947aa59ba84",
                "sha256:a904af0a6162c73e3edcb969eeeb53a63ceeb5d8cf642fade7d39e7963a22ddb",
                "sha256:ad10d3ded218f1039f11a75f8091880239651b52e9bb592ca27de44eed242a48",
                "sha256:b424c77b206d63d500bcb69fa55ed8d0e6a3774056bdc4839fc9298a7edca171",
                "sha256:b5a6b3ada725cea8a5e634536b1b01c30bcdcd7f9c6fff4151548d5bf6b3a36c",
                "sha256:ba8062ed2cf21c07a9e295d5b8a2a5ce678b913b45fdf68c32d95d6c1291e0b6",
                "sha256:ba9527cdd4c926ed0760bc301f6728ef34d841f405abf9d4f959c478421e4efd",
                "sha256:bbcb445fa71794da8f178f0f6d66789a28d7319071af7a496d4d507ed566270d",
                "sha256:bcf3e58998965654fdaff38e58584d8937aa3096ab5354d493c77d1fdd66d7a1",
                "sha256:c0ef13eaeee5b615fb07c9a7dadb38eac06a0608b41570d8ade51c56539e509d",
                "sha256:cabc348d87e913db6ab4aa100f01b08f481097838bdddf7c7a84b7575b7309ca",
                "sha256:cdb82a876c47801bb54a690c5ae105a46b392ac6099881cdfb9f6e95e4014c6a",
                "sha256:cfad01eed2c2e0c01fd0ecd2ef42c492f7f93902e39a42fc9ee1692961443a29",
                "sha256:d16a81a06776313e817c951135cf7340a3e91e8c1ff2fac444cfd75fffa04afe",
                "sha256:d8213e09c917a951de9d09ecee036d5c7d36cb6cb7dbaece4c71a60d79fb9798",
                "sha256:e07c3764494e3776c602c1e78e298937c3315ccc9043ead7e685b7f2b8d47b3c",
                "sha256:e17c96c14e19278594aa4841ec148115f9c7615a47382ecb6b82bd8fea3ab0c8",
                "sha256:e444a31f8db13eb18ada366ab3cf45fd4b31e4db1236a4448f68778c1d1a5a2f",
                "sha256:e6a2a455bd412959b57a172ce6328d2dd1f01cb2135efda2e4576e8a23fa3b0f",
                "sha256:eaa0a10b7f72326f1372a713e73c3f739b524b3af41feb43e4921cb529f5929a",
                "sha256:eb7972a85c54febfb25b5c4b4f3af4dcc731994c7da0d8a0b4a6eb0640e1d178",
                "sha256:ee55d3edf80167e48ea11a923c7386f4669df67d7994554387f84e7d8b0a2bf0",
                "sha256:f3818cb119498c0678015754eba762e0d61e5b52d34c8b13d770f0719f7b1d79",
                "sha256:f8b3d067f2e40fe93e1ccdd6b2e1d16c43140e76f02fb1319a05cf2b79d99430",
                "sha256:fcabf5ff6eea076f859677f5f0b6b5c1a51e70a376b0579e0eadef8db48c6b50"
            ],
            "index": "pypi",
            "markers": "python_version >= '3.9'",
            "version": "==3.0.2"
        },
        "sqlalchemy": {
            "hashes": [
                "sha256:09637a0872689d3eb71c41e249c6f422e3e18bbd05b4cd258193cfc7a9a50da2",
                "sha256:0b718011a9d66c0d2f78e1997755cd965f3414563b31867475e9bc6efdc2281d",
                "sha256:160bedd8a5c28765bd5be4dec2d881e109e33b34922e50a3b881a7681773ac5f",
                "sha256:16d9b544873fe6486dddbb859501a07d89f77c61d29060bb87d0faf7519b6a4d",
                "sha256:172b244753e034d91a826f80a9a70f4cbac690641207f2217f8404c261473efe",
                "sha256:1aef304ada61b81f1955196f584b9e72b798ed525a7c0b46e09e98397393297b",
                "sha256:1b3c117f65d64e806ce5ce9ce578f06224dc36845e25ebd2554b3e86960e1aed",
                "sha256:1f092cf83ebcafba23a247f5e03f99f5436e3ef026d01c8213b5eca48ad6efa9",
                "sha256:21bfdf57abf72fa89b97dd74d3187caa3172a78c125f2144764a73970810c4ee",
                "sha256:260ca1d2e5910f1f1ad3fe0113f8fab28657cee2542cb48c2f342ed90046e8ec",
                "sha256:27e4a7b3a7a61ff919c2e7caafd612f8626114e6e5ebbe339de3b5b1df9bc27e",
                "sha256:2ddbaafe32f0dd12d64284b1c3189104b784c9f3dba8cc1ba7e642e2b14b906f",
                "sha256:2eb539fd83185a85e5fcd6b19214e1c734ab0351d81505b0f987705ba0a1e231",
                "sha256:37f4f42568b6c656ee177b3e111d354b5dda75eafe9fe63492535f91dfa35829",
                "sha256:437c2a8b0c780ff8168a470beb22cb4a25e1c63ea6a7aec87ffeb07aa4b76641",
                "sha256:45c842c94c9ad546c72225a0c0d1ae8ef3f7c212484be3d429715a062970e87f",
                "sha256:480f7df62f0b3ad6aa011eefa096049dc1770208bb71f234959ee2864206eefe",
                "sha256:49362193b1f43aa158deebf438062d7b5495daa9177c6c5d0f02ceeb64b544ea",
                "sha256:4c94447a016f36c4da80072e6c6964713b0af3c8019e9c4daadf21f61b81ab53",
                "sha256:4cf10396a8a700a0f38ccd220d940be529c8f64435c5d5b29375acab9267a6c9",
                "sha256:4efbdc9754c7145a954911bfeef815fb0843e8edab0e9cecfa3417a5cbd316af",
                "sha256:5651eb19cacbeb2fe7431e4019312ed00a0b3fbd2d701423e0e2ceaadb5bcd9f",
                "sha256:56bc76d86216443daa2e27e6b04a9b96423f0b69b5d0c40c7f4b9a4cdf7d8d90",
                "sha256:636ec3dc83b2422a7ff548d0f8abf9c23742ca50e2a5cdc492a151eac7a0248b",
                "sha256:739e58879b20a179156b63aa21f05ccacfd3e28e08e9c2b630ff55cd7177c4f1",
                "sha256:78548fd65cd76d4c5a2e6b5f245d7734023ee4de33ee7bb298f1ac25a9935e0d",
                "sha256:78b46555b730a24901ceb4cb901c6b45c9407f8875209ed3c5d6bcd0390a6ed1",
                "sha256:7ee065898359fdee83961aed5cf1fb4cfa913ba71b58b41e036001d90bebbf7a",
                "sha256:88f8a8007a658dfd82c16a20bd9673ae6b33576c003b5166d42697d49e496e61",
                "sha256:89143290fb94c50a8dec73b06109ccd245efd8011d24fc0ddafe89dc55b36651",
                "sha256:9193fa484bf00dcc1804aecbb4f528f1123c04bad6a08d7710c909750fa76aeb",
                "sha256:941804f55c7d507334da38133268e3f6e5b0340d584ba0f277dd884197f4ae8c",
                "sha256:95d3d06a968a760ce2aa6a5889fefcbdd53ca935735e0768e1db046ec08cbf01",
                "sha256:97978d223b11f1d161390a96f28c49a13ce48fdd2fed7683167c39bdb1b8aa09",
                "sha256:98b344859d282fde388047f1710860bb23f4098f705491e06b8ab52a48aafea9",
                "sha256:9cae6c2b05326d7c2c7c0519f323f90e0fb9e8afa783c6a05bb9ee92a90d0f04",
                "sha256:9d88a1c0d66d24e229e3938e1ef16ebdbd2bf4ced93af6eff55225f7465cf350",
                "sha256:a3cb3ec67cc08bea54e06b569398ae21623534a7b1b23c258883a7c696ae10df",
                "sha256:ad59dbe4d1252448c19d171dfba14c74e7950b46dc49d015722a4a06bfdab2b0",
                "sha256:b01e0dd39f96aefda5ab002d8402db4895db871eb0145836246ce0661635ce55",
                "sha256:bc7347ad7a7b1c78b94177f2d57263113bb950e62c59b96ed839b131ea4234e1",
                "sha256:be28f88abd74af8519a4542185ee80ca914933ca65cdfa99504d82af0e4210df",
                "sha256:be3a02f963c8d66e28bb4183bebab66dc4379701d92e660f461c65fecd6ff399",
                "sha256:c34100c0b7ea31fbc113c124bcf93a53094f8951c7bf39c45f39d327bad6d1e7",
                "sha256:c5dd245e6502990ccf612d51f220a7b04cbea3f00f6030691ffe27def76ca79b",
                "sha256:cf4bf5a174d8a679a713b7a896470ffc6baab78e80a79e7ec5668387ffeccc8b",
                "sha256:d119c80c614d62d32e236ae68e21dd28a2eaf070876b2f28a6075d5bae54ef3f",
                "sha256:defcdff7e661f0043daa381832af65d616e060ddb54d3fe4476f51df7eaa1835",
                "sha256:e35b9b000c59fcac2867ab3a79fc368a6caca8706741beab3b799d47005b3407",
                "sha256:e87e6a5ef6f9d8daeb2ce5918bf5fddecc11cae6a7d7a671fcc4616c47635e01",
                "sha256:e8c7ff7ba08b375f8a8fa0511e595c9bdabb5494ec68f1cf69bb24e54c0d90f2",
                "sha256:eb9905f7f1e49fd57a7ed6269bc567fcbbdac9feadff20ad6bd7707266a91577",
                "sha256:ed5a6959b1668d97a32e3fd848b485f65ee3c05a759dee06d90e4545a3c77f1e",
                "sha256:f50f7b20677b23cfb35b6afcd8372b2feb348a38e3033f6447ee0704540be894",
                "sha256:f9187498c2149919753a7fd51766ea9c8eecdec7da47c1b955fa8090bc642eaa",
                "sha256:fb57923d852d38671a17abda9a65cc59e3e5eab51fb8307b09de46ed775bcbb8",
                "sha256:fc6afee7e66fdba4f5a68610b487c1f754fccdc53894a9567785932dbb6a265e"
            ],
            "index": "pypi",
            "markers": "python_version >= '3.7'",
            "version": "==2.0.42"
        },
        "typing-extensions": {
            "hashes": [
                "sha256:38b39f4aeeab64884ce9f74c94263ef78f3c22467c8724005483154c26648d36",
                "sha256:d1e1e3b58374dc93031d6eda2420a48ea44a36c2b4766a4fdeb3710755731d76"
            ],
            "index": "pypi",
            "markers": "python_version >= '3.9'",
            "version": "==4.14.1"
        },
        "werkzeug": {
            "hashes": [
                "sha256:54b78bf3716d19a65be4fceccc0d1d7b89e608834989dfae50ea87564639213e",
                "sha256:60723ce945c19328679790e3282cc758aa4a6040e4bb330f53d30fa546d44746"
            ],
            "index": "pypi",
            "markers": "python_version >= '3.9'",
            "version": "==3.1.3"
        }
    },
    "develop": {}
}
